// !$*UTF8*$!
{
	archiveVersion = 1;
	classes = {
	};
	objectVersion = 46;
	objects = {

/* Begin PBXBuildFile section */
		37098408179C1ABA00F96F55 /* TrendFinder.h in Headers */ = {isa = PBXBuildFile; fileRef = 37098406179C1ABA00F96F55 /* TrendFinder.h */; };
		37098409179C1ABA00F96F55 /* TrendFinder.m in Sources */ = {isa = PBXBuildFile; fileRef = 37098407179C1ABA00F96F55 /* TrendFinder.m */; };
		3716B66F172D610E00414C44 /* CommonProtocols.h in Headers */ = {isa = PBXBuildFile; fileRef = 3716B66E172D610E00414C44 /* CommonProtocols.h */; };
		3716B676172D671500414C44 /* GameObject.h in Headers */ = {isa = PBXBuildFile; fileRef = 3716B674172D671500414C44 /* GameObject.h */; };
		3716B677172D671500414C44 /* GameObject.mm in Sources */ = {isa = PBXBuildFile; fileRef = 3716B675172D671500414C44 /* GameObject.mm */; };
		37216DF0173695AA00840D6F /* GameManager.h in Headers */ = {isa = PBXBuildFile; fileRef = 37216DEE173695AA00840D6F /* GameManager.h */; };
		37216DF1173695AA00840D6F /* GameManager.mm in Sources */ = {isa = PBXBuildFile; fileRef = 37216DEF173695AA00840D6F /* GameManager.mm */; };
		37216DF71737F0F000840D6F /* atlas-ipad.plist in Resources */ = {isa = PBXBuildFile; fileRef = 37216DF31737F0F000840D6F /* atlas-ipad.plist */; };
		37216DF81737F0F000840D6F /* atlas-ipadhd.plist in Resources */ = {isa = PBXBuildFile; fileRef = 37216DF41737F0F000840D6F /* atlas-ipadhd.plist */; };
		37216DF91737F0F000840D6F /* atlas.plist in Resources */ = {isa = PBXBuildFile; fileRef = 37216DF51737F0F000840D6F /* atlas.plist */; };
		37216DFA1737F0F000840D6F /* atlas-hd.plist in Resources */ = {isa = PBXBuildFile; fileRef = 37216DF61737F0F000840D6F /* atlas-hd.plist */; };
		37216DFF1737F12000840D6F /* atlas-ipad.png in Resources */ = {isa = PBXBuildFile; fileRef = 37216DFB1737F12000840D6F /* atlas-ipad.png */; };
		37216E001737F12000840D6F /* atlas-ipadhd.png in Resources */ = {isa = PBXBuildFile; fileRef = 37216DFC1737F12000840D6F /* atlas-ipadhd.png */; };
		37216E011737F12000840D6F /* atlas.png in Resources */ = {isa = PBXBuildFile; fileRef = 37216DFD1737F12000840D6F /* atlas.png */; };
		37216E021737F12000840D6F /* atlas-hd.png in Resources */ = {isa = PBXBuildFile; fileRef = 37216DFE1737F12000840D6F /* atlas-hd.png */; };
		37216E041737FAB700840D6F /* Hero.plist in Resources */ = {isa = PBXBuildFile; fileRef = 37216E031737FAB700840D6F /* Hero.plist */; };
		3730E33A179B0AEE00A43F12 /* ChooseHashtagScene.h in Headers */ = {isa = PBXBuildFile; fileRef = 3730E338179B0AEE00A43F12 /* ChooseHashtagScene.h */; };
		3730E33B179B0AEE00A43F12 /* ChooseHashtagScene.mm in Sources */ = {isa = PBXBuildFile; fileRef = 3730E339179B0AEE00A43F12 /* ChooseHashtagScene.mm */; };
		3730E375179B0E4C00A43F12 /* ChooseHashtagLayer.h in Headers */ = {isa = PBXBuildFile; fileRef = 3730E373179B0E4C00A43F12 /* ChooseHashtagLayer.h */; };
		3730E376179B0E4C00A43F12 /* ChooseHashtagLayer.mm in Sources */ = {isa = PBXBuildFile; fileRef = 3730E374179B0E4C00A43F12 /* ChooseHashtagLayer.mm */; };
		373D57CA16E7EF3F00B7FCFD /* BackgroundLayer.mm in Sources */ = {isa = PBXBuildFile; fileRef = 373D57C916E7EF3F00B7FCFD /* BackgroundLayer.mm */; };
		373D57CF16E7F43D00B7FCFD /* Background-hd.png in Resources */ = {isa = PBXBuildFile; fileRef = 373D57CB16E7F43C00B7FCFD /* Background-hd.png */; };
		373D57D016E7F43D00B7FCFD /* Background-ipad.png in Resources */ = {isa = PBXBuildFile; fileRef = 373D57CC16E7F43D00B7FCFD /* Background-ipad.png */; };
		373D57D116E7F43D00B7FCFD /* Background-ipadhd.png in Resources */ = {isa = PBXBuildFile; fileRef = 373D57CD16E7F43D00B7FCFD /* Background-ipadhd.png */; };
		373D57D216E7F43D00B7FCFD /* Background.png in Resources */ = {isa = PBXBuildFile; fileRef = 373D57CE16E7F43D00B7FCFD /* Background.png */; };
		375C7FB81722FB5E00E76C9F /* Constants.h in Headers */ = {isa = PBXBuildFile; fileRef = 375C7FB61722FA9300E76C9F /* Constants.h */; };
		37AD94E716ACA48A00FBA15C /* AboutScene.m in Sources */ = {isa = PBXBuildFile; fileRef = 37AD94E616ACA48A00FBA15C /* AboutScene.m */; };
		37AD94EB16ACA4FE00FBA15C /* AboutLayer.m in Sources */ = {isa = PBXBuildFile; fileRef = 37AD94EA16ACA4FE00FBA15C /* AboutLayer.m */; };
		37B3360F16C2F93400019D7A /* Projectile.mm in Sources */ = {isa = PBXBuildFile; fileRef = 37B3360E16C2F93400019D7A /* Projectile.mm */; };
		37CFFF4216CC3F4F0075CAC8 /* StatusLayer.mm in Sources */ = {isa = PBXBuildFile; fileRef = 37CFFF4116CC3F4F0075CAC8 /* StatusLayer.mm */; };
		9F0EB27B1742EBB4009E3F7B /* Accounts.framework in Frameworks */ = {isa = PBXBuildFile; fileRef = 9F0EB27A1742EBB4009E3F7B /* Accounts.framework */; };
		9F0EF90C16B8723C0007E929 /* Localizable.strings in Resources */ = {isa = PBXBuildFile; fileRef = 9F0EF90E16B8723C0007E929 /* Localizable.strings */; };
		9F12ED8E1742D03600CFD000 /* libbox2d.a in Frameworks */ = {isa = PBXBuildFile; fileRef = 9F12ED1F1742CFC800CFD000 /* libbox2d.a */; };
		9F12ED8F1742D03600CFD000 /* libcocos2d.a in Frameworks */ = {isa = PBXBuildFile; fileRef = 9F12ED231742CFC800CFD000 /* libcocos2d.a */; };
		9F12ED911742D48600CFD000 /* GameState.h in Headers */ = {isa = PBXBuildFile; fileRef = 9F7C1D7816AC22340039EA64 /* GameState.h */; };
		9F257F6817A057E60096CA03 /* Arial12-hd.fnt in Resources */ = {isa = PBXBuildFile; fileRef = 9F257F6217A057E60096CA03 /* Arial12-hd.fnt */; };
		9F257F6917A057E60096CA03 /* Arial12-hd.png in Resources */ = {isa = PBXBuildFile; fileRef = 9F257F6317A057E60096CA03 /* Arial12-hd.png */; };
		9F257F6A17A057E60096CA03 /* Arial12-ipad.fnt in Resources */ = {isa = PBXBuildFile; fileRef = 9F257F6417A057E60096CA03 /* Arial12-ipad.fnt */; };
		9F257F6B17A057E60096CA03 /* Arial12-ipad.png in Resources */ = {isa = PBXBuildFile; fileRef = 9F257F6517A057E60096CA03 /* Arial12-ipad.png */; };
		9F257F6C17A057E60096CA03 /* Arial12-ipadhd.fnt in Resources */ = {isa = PBXBuildFile; fileRef = 9F257F6617A057E60096CA03 /* Arial12-ipadhd.fnt */; };
		9F257F6D17A057E60096CA03 /* Arial12-ipadhd.png in Resources */ = {isa = PBXBuildFile; fileRef = 9F257F6717A057E60096CA03 /* Arial12-ipadhd.png */; };
		9F26C13D1742DF7400CF0956 /* Tweet.h in Headers */ = {isa = PBXBuildFile; fileRef = 9F26C1341742DF7400CF0956 /* Tweet.h */; };
		9F26C13E1742DF7400CF0956 /* Tweet.m in Sources */ = {isa = PBXBuildFile; fileRef = 9F26C1351742DF7400CF0956 /* Tweet.m */; };
		9F26C13F1742DF7400CF0956 /* TwitterManager.h in Headers */ = {isa = PBXBuildFile; fileRef = 9F26C1361742DF7400CF0956 /* TwitterManager.h */; };
		9F26C1401742DF7400CF0956 /* TwitterManager.m in Sources */ = {isa = PBXBuildFile; fileRef = 9F26C1371742DF7400CF0956 /* TwitterManager.m */; };
		9F26C1411742DF7400CF0956 /* TwitterProtocol.h in Headers */ = {isa = PBXBuildFile; fileRef = 9F26C1381742DF7400CF0956 /* TwitterProtocol.h */; };
		9F26C1421742DF7400CF0956 /* TwitterSearchTweets.h in Headers */ = {isa = PBXBuildFile; fileRef = 9F26C1391742DF7400CF0956 /* TwitterSearchTweets.h */; };
		9F26C1431742DF7400CF0956 /* TwitterSearchTweets.m in Sources */ = {isa = PBXBuildFile; fileRef = 9F26C13A1742DF7400CF0956 /* TwitterSearchTweets.m */; };
		9F26C1441742DF7400CF0956 /* TwitterTrendsPlace.h in Headers */ = {isa = PBXBuildFile; fileRef = 9F26C13B1742DF7400CF0956 /* TwitterTrendsPlace.h */; };
		9F26C1451742DF7400CF0956 /* TwitterTrendsPlace.m in Sources */ = {isa = PBXBuildFile; fileRef = 9F26C13C1742DF7400CF0956 /* TwitterTrendsPlace.m */; };
		9F26C1481742DF7F00CF0956 /* TweetEmitter.h in Headers */ = {isa = PBXBuildFile; fileRef = 9F26C1461742DF7F00CF0956 /* TweetEmitter.h */; };
		9F26C1491742DF7F00CF0956 /* TweetEmitter.m in Sources */ = {isa = PBXBuildFile; fileRef = 9F26C1471742DF7F00CF0956 /* TweetEmitter.m */; };
		9F2AA2E2179F2F7A00477A29 /* CoreText.framework in Frameworks */ = {isa = PBXBuildFile; fileRef = 9F2AA2E1179F2F7A00477A29 /* CoreText.framework */; };
		9F2E4868174818960080D433 /* Twitter.framework in Frameworks */ = {isa = PBXBuildFile; fileRef = 9F2E4867174818960080D433 /* Twitter.framework */; };
		9F47BE0816AAC679001BE137 /* GameScene.mm in Sources */ = {isa = PBXBuildFile; fileRef = 9F47BE0716AAC679001BE137 /* GameScene.mm */; };
		9F47BE0F16AAC83D001BE137 /* GameOverScene.mm in Sources */ = {isa = PBXBuildFile; fileRef = 9F47BE0E16AAC83D001BE137 /* GameOverScene.mm */; };
		9F47BE1216AAC9B2001BE137 /* IntroScene.m in Sources */ = {isa = PBXBuildFile; fileRef = 9F47BE1116AAC9B2001BE137 /* IntroScene.m */; };
		9F5D096216AA13B700600AD2 /* GameOverLayer.mm in Sources */ = {isa = PBXBuildFile; fileRef = 9F5D096116AA13B700600AD2 /* GameOverLayer.mm */; };
		9F5FA24816D2D21500B1985F /* HeroContactListener.cpp in Sources */ = {isa = PBXBuildFile; fileRef = 9F5FA24716D2D21500B1985F /* HeroContactListener.cpp */; };
		9F612519179F118400BC6201 /* Arial12.fnt in Resources */ = {isa = PBXBuildFile; fileRef = 9F612517179F118400BC6201 /* Arial12.fnt */; };
		9F61251A179F118400BC6201 /* Arial12.png in Resources */ = {isa = PBXBuildFile; fileRef = 9F612518179F118400BC6201 /* Arial12.png */; };
		9F63943C16AC2D6F00BAA9CF /* MainMenuScene.m in Sources */ = {isa = PBXBuildFile; fileRef = 9F63943B16AC2D6F00BAA9CF /* MainMenuScene.m */; };
		9F63944016AC2F8F00BAA9CF /* MainMenuLayer.m in Sources */ = {isa = PBXBuildFile; fileRef = 9F63943F16AC2F8F00BAA9CF /* MainMenuLayer.m */; };
		9F6B14B317456867001481B7 /* Queue.h in Headers */ = {isa = PBXBuildFile; fileRef = 9F6B14B217456867001481B7 /* Queue.h */; };
		9F6B14EE17456873001481B7 /* Queue.m in Sources */ = {isa = PBXBuildFile; fileRef = 9F6B14ED17456873001481B7 /* Queue.m */; };
		9F79C68616A9DA680040F204 /* GameLayer.mm in Sources */ = {isa = PBXBuildFile; fileRef = 9F79C68516A9DA680040F204 /* GameLayer.mm */; };
		9F79C68F16A9DF700040F204 /* Default-Landscape@2x~ipad.png in Resources */ = {isa = PBXBuildFile; fileRef = 9F79C68D16A9DF700040F204 /* Default-Landscape@2x~ipad.png */; };
		9F79C69016A9DF700040F204 /* Default-Landscape~ipad.png in Resources */ = {isa = PBXBuildFile; fileRef = 9F79C68E16A9DF700040F204 /* Default-Landscape~ipad.png */; };
		9F79C69916A9E16B0040F204 /* Default.png in Resources */ = {isa = PBXBuildFile; fileRef = 9F79C69716A9E16B0040F204 /* Default.png */; };
		9F79C69A16A9E16B0040F204 /* Default@2x.png in Resources */ = {isa = PBXBuildFile; fileRef = 9F79C69816A9E16B0040F204 /* Default@2x.png */; };
		9F7C1D7A16AC22340039EA64 /* GameState.mm in Sources */ = {isa = PBXBuildFile; fileRef = 9F7C1D7916AC22340039EA64 /* GameState.mm */; };
		9FB0E54816B5591B00A97DF2 /* Hero.mm in Sources */ = {isa = PBXBuildFile; fileRef = 9FB0E54716B5591B00A97DF2 /* Hero.mm */; };
		9FD9BD1A16A3735100DBEB88 /* QuartzCore.framework in Frameworks */ = {isa = PBXBuildFile; fileRef = 9FD9BD1916A3735100DBEB88 /* QuartzCore.framework */; };
		9FD9BD1C16A3735100DBEB88 /* OpenGLES.framework in Frameworks */ = {isa = PBXBuildFile; fileRef = 9FD9BD1B16A3735100DBEB88 /* OpenGLES.framework */; };
		9FD9BD1E16A3735100DBEB88 /* OpenAL.framework in Frameworks */ = {isa = PBXBuildFile; fileRef = 9FD9BD1D16A3735100DBEB88 /* OpenAL.framework */; };
		9FD9BD2016A3735100DBEB88 /* AudioToolbox.framework in Frameworks */ = {isa = PBXBuildFile; fileRef = 9FD9BD1F16A3735100DBEB88 /* AudioToolbox.framework */; };
		9FD9BD2216A3735100DBEB88 /* AVFoundation.framework in Frameworks */ = {isa = PBXBuildFile; fileRef = 9FD9BD2116A3735100DBEB88 /* AVFoundation.framework */; };
		9FD9BD2416A3735100DBEB88 /* UIKit.framework in Frameworks */ = {isa = PBXBuildFile; fileRef = 9FD9BD2316A3735100DBEB88 /* UIKit.framework */; };
		9FD9BD2616A3735100DBEB88 /* Foundation.framework in Frameworks */ = {isa = PBXBuildFile; fileRef = 9FD9BD2516A3735100DBEB88 /* Foundation.framework */; };
		9FD9BD2816A3735100DBEB88 /* CoreGraphics.framework in Frameworks */ = {isa = PBXBuildFile; fileRef = 9FD9BD2716A3735100DBEB88 /* CoreGraphics.framework */; };
		9FD9BD2A16A3735100DBEB88 /* GameKit.framework in Frameworks */ = {isa = PBXBuildFile; fileRef = 9FD9BD2916A3735100DBEB88 /* GameKit.framework */; };
		9FD9BD3216A3735100DBEB88 /* fps_images.png in Resources */ = {isa = PBXBuildFile; fileRef = 9FD9BD3116A3735100DBEB88 /* fps_images.png */; };
		9FD9BD3416A3735100DBEB88 /* fps_images-hd.png in Resources */ = {isa = PBXBuildFile; fileRef = 9FD9BD3316A3735100DBEB88 /* fps_images-hd.png */; };
		9FD9BD3616A3735100DBEB88 /* fps_images-ipadhd.png in Resources */ = {isa = PBXBuildFile; fileRef = 9FD9BD3516A3735100DBEB88 /* fps_images-ipadhd.png */; };
		9FD9BD3816A3735100DBEB88 /* Icon-72.png in Resources */ = {isa = PBXBuildFile; fileRef = 9FD9BD3716A3735100DBEB88 /* Icon-72.png */; };
		9FD9BD3A16A3735100DBEB88 /* Icon-Small-50.png in Resources */ = {isa = PBXBuildFile; fileRef = 9FD9BD3916A3735100DBEB88 /* Icon-Small-50.png */; };
		9FD9BD3C16A3735100DBEB88 /* Icon-Small.png in Resources */ = {isa = PBXBuildFile; fileRef = 9FD9BD3B16A3735100DBEB88 /* Icon-Small.png */; };
		9FD9BD3E16A3735100DBEB88 /* Icon-Small@2x.png in Resources */ = {isa = PBXBuildFile; fileRef = 9FD9BD3D16A3735100DBEB88 /* Icon-Small@2x.png */; };
		9FD9BD4016A3735100DBEB88 /* Icon.png in Resources */ = {isa = PBXBuildFile; fileRef = 9FD9BD3F16A3735100DBEB88 /* Icon.png */; };
		9FD9BD4216A3735100DBEB88 /* Icon@2x.png in Resources */ = {isa = PBXBuildFile; fileRef = 9FD9BD4116A3735100DBEB88 /* Icon@2x.png */; };
		9FD9BD4516A3735100DBEB88 /* iTunesArtwork in Resources */ = {isa = PBXBuildFile; fileRef = 9FD9BD4416A3735100DBEB88 /* iTunesArtwork */; };
		9FD9BF3516A3735400DBEB88 /* main.m in Sources */ = {isa = PBXBuildFile; fileRef = 9FD9BF3416A3735400DBEB88 /* main.m */; };
		9FD9BF3816A3735400DBEB88 /* AppDelegate.mm in Sources */ = {isa = PBXBuildFile; fileRef = 9FD9BF3716A3735400DBEB88 /* AppDelegate.mm */; };
		9FD9BF3E16A3735400DBEB88 /* IntroLayer.m in Sources */ = {isa = PBXBuildFile; fileRef = 9FD9BF3D16A3735400DBEB88 /* IntroLayer.m */; };
		9FD9BF4116A3735400DBEB88 /* GLES-Render.mm in Sources */ = {isa = PBXBuildFile; fileRef = 9FD9BF4016A3735400DBEB88 /* GLES-Render.mm */; };
		9FFEE43716B594F60033E140 /* AccelerometerSimulation.m in Sources */ = {isa = PBXBuildFile; fileRef = 9FFEE43616B594F60033E140 /* AccelerometerSimulation.m */; settings = {COMPILER_FLAGS = "-fno-objc-arc"; }; };
/* End PBXBuildFile section */

/* Begin PBXContainerItemProxy section */
		9F12ED1C1742CFC800CFD000 /* PBXContainerItemProxy */ = {
			isa = PBXContainerItemProxy;
			containerPortal = 9F12ECE01742CFC700CFD000 /* cocos2d-ios.xcodeproj */;
			proxyType = 2;
			remoteGlobalIDString = 509807081175041800EA7266;
			remoteInfo = "build all tests";
		};
		9F12ED1E1742CFC800CFD000 /* PBXContainerItemProxy */ = {
			isa = PBXContainerItemProxy;
			containerPortal = 9F12ECE01742CFC700CFD000 /* cocos2d-ios.xcodeproj */;
			proxyType = 2;
			remoteGlobalIDString = 504225700FC0B39C00B992F7;
			remoteInfo = box2d;
		};
		9F12ED201742CFC800CFD000 /* PBXContainerItemProxy */ = {
			isa = PBXContainerItemProxy;
			containerPortal = 9F12ECE01742CFC700CFD000 /* cocos2d-ios.xcodeproj */;
			proxyType = 2;
			remoteGlobalIDString = 50B2C4D10E100AEA00AE9530;
			remoteInfo = Chipmunk;
		};
		9F12ED221742CFC800CFD000 /* PBXContainerItemProxy */ = {
			isa = PBXContainerItemProxy;
			containerPortal = 9F12ECE01742CFC700CFD000 /* cocos2d-ios.xcodeproj */;
			proxyType = 2;
			remoteGlobalIDString = 5018F24D0DFDEAC400C013A5;
			remoteInfo = cocos2d;
		};
		9F12ED241742CFC800CFD000 /* PBXContainerItemProxy */ = {
			isa = PBXContainerItemProxy;
			containerPortal = 9F12ECE01742CFC700CFD000 /* cocos2d-ios.xcodeproj */;
			proxyType = 2;
			remoteGlobalIDString = 502C65EE0DFEF3DD00E4107D;
			remoteInfo = "cocos2d-documentation";
		};
		9F12ED261742CFC800CFD000 /* PBXContainerItemProxy */ = {
			isa = PBXContainerItemProxy;
			containerPortal = 9F12ECE01742CFC700CFD000 /* cocos2d-ios.xcodeproj */;
			proxyType = 2;
			remoteGlobalIDString = 50CB2FCA1004C8B100B7A750;
			remoteInfo = CocosDenshion;
		};
		9F12ED281742CFC800CFD000 /* PBXContainerItemProxy */ = {
			isa = PBXContainerItemProxy;
			containerPortal = 9F12ECE01742CFC700CFD000 /* cocos2d-ios.xcodeproj */;
			proxyType = 2;
			remoteGlobalIDString = A04A1FEB13B826B300ABAFB7;
			remoteInfo = kazmath;
		};
		9F2AA2EC179F2F7A00477A29 /* PBXContainerItemProxy */ = {
			isa = PBXContainerItemProxy;
			containerPortal = 9F12ECE01742CFC700CFD000 /* cocos2d-ios.xcodeproj */;
			proxyType = 2;
			remoteGlobalIDString = A0EFA7AC169CDF9C006D1B22;
			remoteInfo = cocos2d_box2d;
		};
		9F2AA2EE179F2F7A00477A29 /* PBXContainerItemProxy */ = {
			isa = PBXContainerItemProxy;
			containerPortal = 9F12ECE01742CFC700CFD000 /* cocos2d-ios.xcodeproj */;
			proxyType = 2;
			remoteGlobalIDString = A0EFA886169CDFA4006D1B22;
			remoteInfo = cocos2d_chipmunk;
		};
		9F2AA2F0179F2F7A00477A29 /* PBXContainerItemProxy */ = {
			isa = PBXContainerItemProxy;
			containerPortal = 9F12ECE01742CFC700CFD000 /* cocos2d-ios.xcodeproj */;
			proxyType = 2;
			remoteGlobalIDString = A02900ED15B5FA9E00D64F82;
			remoteInfo = CocosBuilderReader;
		};
		9F2AA2F2179F2F7A00477A29 /* PBXContainerItemProxy */ = {
			isa = PBXContainerItemProxy;
			containerPortal = 9F12ECE01742CFC700CFD000 /* cocos2d-ios.xcodeproj */;
			proxyType = 2;
			remoteGlobalIDString = A031B73915D9BD0800E1986C;
			remoteInfo = jsbindings;
		};
		9F8ADABB1795D3CE002F3CC0 /* PBXContainerItemProxy */ = {
			isa = PBXContainerItemProxy;
			containerPortal = 9F12ECE01742CFC700CFD000 /* cocos2d-ios.xcodeproj */;
			proxyType = 1;
			remoteGlobalIDString = 5042256F0FC0B39C00B992F7;
			remoteInfo = box2d;
		};
		9F8ADABD1795D3CE002F3CC0 /* PBXContainerItemProxy */ = {
			isa = PBXContainerItemProxy;
			containerPortal = 9F12ECE01742CFC700CFD000 /* cocos2d-ios.xcodeproj */;
			proxyType = 1;
			remoteGlobalIDString = 5018F24C0DFDEAC400C013A5;
			remoteInfo = cocos2d;
		};
/* End PBXContainerItemProxy section */

/* Begin PBXFileReference section */
		37098406179C1ABA00F96F55 /* TrendFinder.h */ = {isa = PBXFileReference; fileEncoding = 4; lastKnownFileType = sourcecode.c.h; name = TrendFinder.h; path = Twitter/TrendFinder.h; sourceTree = "<group>"; };
		37098407179C1ABA00F96F55 /* TrendFinder.m */ = {isa = PBXFileReference; fileEncoding = 4; lastKnownFileType = sourcecode.c.objc; name = TrendFinder.m; path = Twitter/TrendFinder.m; sourceTree = "<group>"; };
		3716B66E172D610E00414C44 /* CommonProtocols.h */ = {isa = PBXFileReference; fileEncoding = 4; lastKnownFileType = sourcecode.c.h; path = CommonProtocols.h; sourceTree = "<group>"; };
		3716B674172D671500414C44 /* GameObject.h */ = {isa = PBXFileReference; fileEncoding = 4; lastKnownFileType = sourcecode.c.h; path = GameObject.h; sourceTree = "<group>"; };
		3716B675172D671500414C44 /* GameObject.mm */ = {isa = PBXFileReference; fileEncoding = 4; lastKnownFileType = sourcecode.cpp.objcpp; path = GameObject.mm; sourceTree = "<group>"; };
		37216DEE173695AA00840D6F /* GameManager.h */ = {isa = PBXFileReference; fileEncoding = 4; lastKnownFileType = sourcecode.c.h; path = GameManager.h; sourceTree = "<group>"; };
		37216DEF173695AA00840D6F /* GameManager.mm */ = {isa = PBXFileReference; fileEncoding = 4; lastKnownFileType = sourcecode.cpp.objcpp; path = GameManager.mm; sourceTree = "<group>"; };
		37216DF31737F0F000840D6F /* atlas-ipad.plist */ = {isa = PBXFileReference; fileEncoding = 4; lastKnownFileType = text.plist.xml; name = "atlas-ipad.plist"; path = "Plists/atlas-ipad.plist"; sourceTree = "<group>"; };
		37216DF41737F0F000840D6F /* atlas-ipadhd.plist */ = {isa = PBXFileReference; fileEncoding = 4; lastKnownFileType = text.plist.xml; name = "atlas-ipadhd.plist"; path = "Plists/atlas-ipadhd.plist"; sourceTree = "<group>"; };
		37216DF51737F0F000840D6F /* atlas.plist */ = {isa = PBXFileReference; fileEncoding = 4; lastKnownFileType = text.plist.xml; name = atlas.plist; path = Plists/atlas.plist; sourceTree = "<group>"; };
		37216DF61737F0F000840D6F /* atlas-hd.plist */ = {isa = PBXFileReference; fileEncoding = 4; lastKnownFileType = text.plist.xml; name = "atlas-hd.plist"; path = "Plists/atlas-hd.plist"; sourceTree = "<group>"; };
		37216DFB1737F12000840D6F /* atlas-ipad.png */ = {isa = PBXFileReference; lastKnownFileType = image.png; path = "atlas-ipad.png"; sourceTree = "<group>"; };
		37216DFC1737F12000840D6F /* atlas-ipadhd.png */ = {isa = PBXFileReference; lastKnownFileType = image.png; path = "atlas-ipadhd.png"; sourceTree = "<group>"; };
		37216DFD1737F12000840D6F /* atlas.png */ = {isa = PBXFileReference; lastKnownFileType = image.png; path = atlas.png; sourceTree = "<group>"; };
		37216DFE1737F12000840D6F /* atlas-hd.png */ = {isa = PBXFileReference; lastKnownFileType = image.png; path = "atlas-hd.png"; sourceTree = "<group>"; };
		37216E031737FAB700840D6F /* Hero.plist */ = {isa = PBXFileReference; fileEncoding = 4; lastKnownFileType = text.plist.xml; name = Hero.plist; path = Plists/Hero.plist; sourceTree = "<group>"; };
		3730E338179B0AEE00A43F12 /* ChooseHashtagScene.h */ = {isa = PBXFileReference; fileEncoding = 4; lastKnownFileType = sourcecode.c.h; path = ChooseHashtagScene.h; sourceTree = "<group>"; };
		3730E339179B0AEE00A43F12 /* ChooseHashtagScene.mm */ = {isa = PBXFileReference; fileEncoding = 4; lastKnownFileType = sourcecode.cpp.objcpp; path = ChooseHashtagScene.mm; sourceTree = "<group>"; };
		3730E373179B0E4C00A43F12 /* ChooseHashtagLayer.h */ = {isa = PBXFileReference; fileEncoding = 4; lastKnownFileType = sourcecode.c.h; path = ChooseHashtagLayer.h; sourceTree = "<group>"; };
		3730E374179B0E4C00A43F12 /* ChooseHashtagLayer.mm */ = {isa = PBXFileReference; fileEncoding = 4; lastKnownFileType = sourcecode.cpp.objcpp; path = ChooseHashtagLayer.mm; sourceTree = "<group>"; };
		373D57C816E7EF3F00B7FCFD /* BackgroundLayer.h */ = {isa = PBXFileReference; fileEncoding = 4; lastKnownFileType = sourcecode.c.h; path = BackgroundLayer.h; sourceTree = "<group>"; };
		373D57C916E7EF3F00B7FCFD /* BackgroundLayer.mm */ = {isa = PBXFileReference; fileEncoding = 4; lastKnownFileType = sourcecode.cpp.objcpp; path = BackgroundLayer.mm; sourceTree = "<group>"; };
		373D57CB16E7F43C00B7FCFD /* Background-hd.png */ = {isa = PBXFileReference; lastKnownFileType = image.png; path = "Background-hd.png"; sourceTree = "<group>"; };
		373D57CC16E7F43D00B7FCFD /* Background-ipad.png */ = {isa = PBXFileReference; lastKnownFileType = image.png; path = "Background-ipad.png"; sourceTree = "<group>"; };
		373D57CD16E7F43D00B7FCFD /* Background-ipadhd.png */ = {isa = PBXFileReference; lastKnownFileType = image.png; path = "Background-ipadhd.png"; sourceTree = "<group>"; };
		373D57CE16E7F43D00B7FCFD /* Background.png */ = {isa = PBXFileReference; lastKnownFileType = image.png; path = Background.png; sourceTree = "<group>"; };
		375C7FB61722FA9300E76C9F /* Constants.h */ = {isa = PBXFileReference; fileEncoding = 4; lastKnownFileType = sourcecode.c.h; path = Constants.h; sourceTree = "<group>"; };
		37AD94E516ACA48A00FBA15C /* AboutScene.h */ = {isa = PBXFileReference; fileEncoding = 4; lastKnownFileType = sourcecode.c.h; path = AboutScene.h; sourceTree = "<group>"; };
		37AD94E616ACA48A00FBA15C /* AboutScene.m */ = {isa = PBXFileReference; fileEncoding = 4; lastKnownFileType = sourcecode.c.objc; path = AboutScene.m; sourceTree = "<group>"; };
		37AD94E916ACA4FE00FBA15C /* AboutLayer.h */ = {isa = PBXFileReference; fileEncoding = 4; lastKnownFileType = sourcecode.c.h; path = AboutLayer.h; sourceTree = "<group>"; };
		37AD94EA16ACA4FE00FBA15C /* AboutLayer.m */ = {isa = PBXFileReference; fileEncoding = 4; lastKnownFileType = sourcecode.c.objc; path = AboutLayer.m; sourceTree = "<group>"; };
		37B3360E16C2F93400019D7A /* Projectile.mm */ = {isa = PBXFileReference; explicitFileType = sourcecode.cpp.objcpp; fileEncoding = 4; path = Projectile.mm; sourceTree = "<group>"; };
		37B3361016C2F9A300019D7A /* Projectile.h */ = {isa = PBXFileReference; fileEncoding = 4; lastKnownFileType = sourcecode.c.h; path = Projectile.h; sourceTree = "<group>"; };
		37CFFF4016CC3F4F0075CAC8 /* StatusLayer.h */ = {isa = PBXFileReference; fileEncoding = 4; lastKnownFileType = sourcecode.c.h; path = StatusLayer.h; sourceTree = "<group>"; };
		37CFFF4116CC3F4F0075CAC8 /* StatusLayer.mm */ = {isa = PBXFileReference; fileEncoding = 4; lastKnownFileType = sourcecode.cpp.objcpp; path = StatusLayer.mm; sourceTree = "<group>"; };
		9F0EB27A1742EBB4009E3F7B /* Accounts.framework */ = {isa = PBXFileReference; lastKnownFileType = wrapper.framework; name = Accounts.framework; path = System/Library/Frameworks/Accounts.framework; sourceTree = SDKROOT; };
		9F0EF90D16B8723C0007E929 /* en */ = {isa = PBXFileReference; lastKnownFileType = text.plist.strings; name = en; path = en.lproj/Localizable.strings; sourceTree = "<group>"; };
		9F0EF90F16B872450007E929 /* fr */ = {isa = PBXFileReference; lastKnownFileType = text.plist.strings; name = fr; path = fr.lproj/Localizable.strings; sourceTree = "<group>"; };
		9F0EF91016B872480007E929 /* de */ = {isa = PBXFileReference; lastKnownFileType = text.plist.strings; name = de; path = de.lproj/Localizable.strings; sourceTree = "<group>"; };
		9F12ECE01742CFC700CFD000 /* cocos2d-ios.xcodeproj */ = {isa = PBXFileReference; lastKnownFileType = "wrapper.pb-project"; name = "cocos2d-ios.xcodeproj"; path = "libs/cocos2d/cocos2d-ios.xcodeproj"; sourceTree = "<group>"; };
		9F257F6217A057E60096CA03 /* Arial12-hd.fnt */ = {isa = PBXFileReference; fileEncoding = 4; lastKnownFileType = text; name = "Arial12-hd.fnt"; path = "Fonts/Arial12-hd.fnt"; sourceTree = "<group>"; };
		9F257F6317A057E60096CA03 /* Arial12-hd.png */ = {isa = PBXFileReference; lastKnownFileType = image.png; name = "Arial12-hd.png"; path = "Fonts/Arial12-hd.png"; sourceTree = "<group>"; };
		9F257F6417A057E60096CA03 /* Arial12-ipad.fnt */ = {isa = PBXFileReference; fileEncoding = 4; lastKnownFileType = text; name = "Arial12-ipad.fnt"; path = "Fonts/Arial12-ipad.fnt"; sourceTree = "<group>"; };
		9F257F6517A057E60096CA03 /* Arial12-ipad.png */ = {isa = PBXFileReference; lastKnownFileType = image.png; name = "Arial12-ipad.png"; path = "Fonts/Arial12-ipad.png"; sourceTree = "<group>"; };
		9F257F6617A057E60096CA03 /* Arial12-ipadhd.fnt */ = {isa = PBXFileReference; fileEncoding = 4; lastKnownFileType = text; name = "Arial12-ipadhd.fnt"; path = "Fonts/Arial12-ipadhd.fnt"; sourceTree = "<group>"; };
		9F257F6717A057E60096CA03 /* Arial12-ipadhd.png */ = {isa = PBXFileReference; lastKnownFileType = image.png; name = "Arial12-ipadhd.png"; path = "Fonts/Arial12-ipadhd.png"; sourceTree = "<group>"; };
		9F26C1341742DF7400CF0956 /* Tweet.h */ = {isa = PBXFileReference; fileEncoding = 4; lastKnownFileType = sourcecode.c.h; name = Tweet.h; path = Twitter/API/Tweet.h; sourceTree = "<group>"; };
		9F26C1351742DF7400CF0956 /* Tweet.m */ = {isa = PBXFileReference; fileEncoding = 4; lastKnownFileType = sourcecode.c.objc; name = Tweet.m; path = Twitter/API/Tweet.m; sourceTree = "<group>"; };
		9F26C1361742DF7400CF0956 /* TwitterManager.h */ = {isa = PBXFileReference; fileEncoding = 4; lastKnownFileType = sourcecode.c.h; name = TwitterManager.h; path = Twitter/API/TwitterManager.h; sourceTree = "<group>"; };
		9F26C1371742DF7400CF0956 /* TwitterManager.m */ = {isa = PBXFileReference; fileEncoding = 4; lastKnownFileType = sourcecode.c.objc; name = TwitterManager.m; path = Twitter/API/TwitterManager.m; sourceTree = "<group>"; };
		9F26C1381742DF7400CF0956 /* TwitterProtocol.h */ = {isa = PBXFileReference; fileEncoding = 4; lastKnownFileType = sourcecode.c.h; name = TwitterProtocol.h; path = Twitter/API/TwitterProtocol.h; sourceTree = "<group>"; };
		9F26C1391742DF7400CF0956 /* TwitterSearchTweets.h */ = {isa = PBXFileReference; fileEncoding = 4; lastKnownFileType = sourcecode.c.h; name = TwitterSearchTweets.h; path = Twitter/API/TwitterSearchTweets.h; sourceTree = "<group>"; };
		9F26C13A1742DF7400CF0956 /* TwitterSearchTweets.m */ = {isa = PBXFileReference; fileEncoding = 4; lastKnownFileType = sourcecode.c.objc; name = TwitterSearchTweets.m; path = Twitter/API/TwitterSearchTweets.m; sourceTree = "<group>"; };
		9F26C13B1742DF7400CF0956 /* TwitterTrendsPlace.h */ = {isa = PBXFileReference; fileEncoding = 4; lastKnownFileType = sourcecode.c.h; name = TwitterTrendsPlace.h; path = Twitter/API/TwitterTrendsPlace.h; sourceTree = "<group>"; };
		9F26C13C1742DF7400CF0956 /* TwitterTrendsPlace.m */ = {isa = PBXFileReference; fileEncoding = 4; lastKnownFileType = sourcecode.c.objc; name = TwitterTrendsPlace.m; path = Twitter/API/TwitterTrendsPlace.m; sourceTree = "<group>"; };
		9F26C1461742DF7F00CF0956 /* TweetEmitter.h */ = {isa = PBXFileReference; fileEncoding = 4; lastKnownFileType = sourcecode.c.h; name = TweetEmitter.h; path = Twitter/TweetEmitter.h; sourceTree = "<group>"; };
		9F26C1471742DF7F00CF0956 /* TweetEmitter.m */ = {isa = PBXFileReference; fileEncoding = 4; lastKnownFileType = sourcecode.c.objc; name = TweetEmitter.m; path = Twitter/TweetEmitter.m; sourceTree = "<group>"; };
		9F2AA2E1179F2F7A00477A29 /* CoreText.framework */ = {isa = PBXFileReference; lastKnownFileType = wrapper.framework; name = CoreText.framework; path = System/Library/Frameworks/CoreText.framework; sourceTree = SDKROOT; };
		9F2E4867174818960080D433 /* Twitter.framework */ = {isa = PBXFileReference; lastKnownFileType = wrapper.framework; name = Twitter.framework; path = System/Library/Frameworks/Twitter.framework; sourceTree = SDKROOT; };
		9F47BE0616AAC679001BE137 /* GameScene.h */ = {isa = PBXFileReference; fileEncoding = 4; lastKnownFileType = sourcecode.c.h; path = GameScene.h; sourceTree = "<group>"; };
		9F47BE0716AAC679001BE137 /* GameScene.mm */ = {isa = PBXFileReference; fileEncoding = 4; lastKnownFileType = sourcecode.cpp.objcpp; path = GameScene.mm; sourceTree = "<group>"; };
		9F47BE0D16AAC83D001BE137 /* GameOverScene.h */ = {isa = PBXFileReference; fileEncoding = 4; lastKnownFileType = sourcecode.c.h; path = GameOverScene.h; sourceTree = "<group>"; };
		9F47BE0E16AAC83D001BE137 /* GameOverScene.mm */ = {isa = PBXFileReference; fileEncoding = 4; lastKnownFileType = sourcecode.cpp.objcpp; path = GameOverScene.mm; sourceTree = "<group>"; };
		9F47BE1016AAC9B2001BE137 /* IntroScene.h */ = {isa = PBXFileReference; fileEncoding = 4; lastKnownFileType = sourcecode.c.h; path = IntroScene.h; sourceTree = "<group>"; };
		9F47BE1116AAC9B2001BE137 /* IntroScene.m */ = {isa = PBXFileReference; fileEncoding = 4; lastKnownFileType = sourcecode.c.objc; path = IntroScene.m; sourceTree = "<group>"; };
		9F5D096016AA13B700600AD2 /* GameOverLayer.h */ = {isa = PBXFileReference; fileEncoding = 4; lastKnownFileType = sourcecode.c.h; path = GameOverLayer.h; sourceTree = "<group>"; };
		9F5D096116AA13B700600AD2 /* GameOverLayer.mm */ = {isa = PBXFileReference; fileEncoding = 4; lastKnownFileType = sourcecode.cpp.objcpp; path = GameOverLayer.mm; sourceTree = "<group>"; };
		9F5FA24616D2D1FC00B1985F /* HeroContactListener.h */ = {isa = PBXFileReference; lastKnownFileType = sourcecode.c.h; name = HeroContactListener.h; path = Utils/HeroContactListener.h; sourceTree = "<group>"; };
		9F5FA24716D2D21500B1985F /* HeroContactListener.cpp */ = {isa = PBXFileReference; fileEncoding = 4; lastKnownFileType = sourcecode.cpp.cpp; name = HeroContactListener.cpp; path = Utils/HeroContactListener.cpp; sourceTree = "<group>"; };
		9F612517179F118400BC6201 /* Arial12.fnt */ = {isa = PBXFileReference; fileEncoding = 4; lastKnownFileType = text; name = Arial12.fnt; path = Fonts/Arial12.fnt; sourceTree = "<group>"; };
		9F612518179F118400BC6201 /* Arial12.png */ = {isa = PBXFileReference; lastKnownFileType = image.png; name = Arial12.png; path = Fonts/Arial12.png; sourceTree = "<group>"; };
		9F63943A16AC2D6F00BAA9CF /* MainMenuScene.h */ = {isa = PBXFileReference; fileEncoding = 4; lastKnownFileType = sourcecode.c.h; path = MainMenuScene.h; sourceTree = "<group>"; };
		9F63943B16AC2D6F00BAA9CF /* MainMenuScene.m */ = {isa = PBXFileReference; fileEncoding = 4; lastKnownFileType = sourcecode.c.objc; path = MainMenuScene.m; sourceTree = "<group>"; };
		9F63943E16AC2F8F00BAA9CF /* MainMenuLayer.h */ = {isa = PBXFileReference; fileEncoding = 4; lastKnownFileType = sourcecode.c.h; path = MainMenuLayer.h; sourceTree = "<group>"; };
		9F63943F16AC2F8F00BAA9CF /* MainMenuLayer.m */ = {isa = PBXFileReference; fileEncoding = 4; lastKnownFileType = sourcecode.c.objc; path = MainMenuLayer.m; sourceTree = "<group>"; };
		9F6B14B217456867001481B7 /* Queue.h */ = {isa = PBXFileReference; fileEncoding = 4; lastKnownFileType = sourcecode.c.h; name = Queue.h; path = Utils/Queue.h; sourceTree = "<group>"; };
		9F6B14ED17456873001481B7 /* Queue.m */ = {isa = PBXFileReference; fileEncoding = 4; lastKnownFileType = sourcecode.c.objc; name = Queue.m; path = Utils/Queue.m; sourceTree = "<group>"; };
		9F79C68416A9DA680040F204 /* GameLayer.h */ = {isa = PBXFileReference; fileEncoding = 4; lastKnownFileType = sourcecode.c.h; path = GameLayer.h; sourceTree = "<group>"; };
		9F79C68516A9DA680040F204 /* GameLayer.mm */ = {isa = PBXFileReference; fileEncoding = 4; lastKnownFileType = sourcecode.cpp.objcpp; path = GameLayer.mm; sourceTree = "<group>"; };
		9F79C68D16A9DF700040F204 /* Default-Landscape@2x~ipad.png */ = {isa = PBXFileReference; lastKnownFileType = image.png; path = "Default-Landscape@2x~ipad.png"; sourceTree = "<group>"; };
		9F79C68E16A9DF700040F204 /* Default-Landscape~ipad.png */ = {isa = PBXFileReference; lastKnownFileType = image.png; path = "Default-Landscape~ipad.png"; sourceTree = "<group>"; };
		9F79C69716A9E16B0040F204 /* Default.png */ = {isa = PBXFileReference; lastKnownFileType = image.png; path = Default.png; sourceTree = "<group>"; };
		9F79C69816A9E16B0040F204 /* Default@2x.png */ = {isa = PBXFileReference; lastKnownFileType = image.png; path = "Default@2x.png"; sourceTree = "<group>"; };
		9F7C1D7816AC22340039EA64 /* GameState.h */ = {isa = PBXFileReference; fileEncoding = 4; lastKnownFileType = sourcecode.c.h; path = GameState.h; sourceTree = "<group>"; };
		9F7C1D7916AC22340039EA64 /* GameState.mm */ = {isa = PBXFileReference; fileEncoding = 4; lastKnownFileType = sourcecode.cpp.objcpp; path = GameState.mm; sourceTree = "<group>"; };
		9FB0E54616B5591B00A97DF2 /* Hero.h */ = {isa = PBXFileReference; fileEncoding = 4; lastKnownFileType = sourcecode.c.h; path = Hero.h; sourceTree = "<group>"; };
		9FB0E54716B5591B00A97DF2 /* Hero.mm */ = {isa = PBXFileReference; fileEncoding = 4; lastKnownFileType = sourcecode.cpp.objcpp; path = Hero.mm; sourceTree = "<group>"; };
		9FD9BD1516A3735100DBEB88 /* #Warrior.app */ = {isa = PBXFileReference; explicitFileType = wrapper.application; includeInIndex = 0; path = "#Warrior.app"; sourceTree = BUILT_PRODUCTS_DIR; };
		9FD9BD1916A3735100DBEB88 /* QuartzCore.framework */ = {isa = PBXFileReference; lastKnownFileType = wrapper.framework; name = QuartzCore.framework; path = System/Library/Frameworks/QuartzCore.framework; sourceTree = SDKROOT; };
		9FD9BD1B16A3735100DBEB88 /* OpenGLES.framework */ = {isa = PBXFileReference; lastKnownFileType = wrapper.framework; name = OpenGLES.framework; path = System/Library/Frameworks/OpenGLES.framework; sourceTree = SDKROOT; };
		9FD9BD1D16A3735100DBEB88 /* OpenAL.framework */ = {isa = PBXFileReference; lastKnownFileType = wrapper.framework; name = OpenAL.framework; path = System/Library/Frameworks/OpenAL.framework; sourceTree = SDKROOT; };
		9FD9BD1F16A3735100DBEB88 /* AudioToolbox.framework */ = {isa = PBXFileReference; lastKnownFileType = wrapper.framework; name = AudioToolbox.framework; path = System/Library/Frameworks/AudioToolbox.framework; sourceTree = SDKROOT; };
		9FD9BD2116A3735100DBEB88 /* AVFoundation.framework */ = {isa = PBXFileReference; lastKnownFileType = wrapper.framework; name = AVFoundation.framework; path = System/Library/Frameworks/AVFoundation.framework; sourceTree = SDKROOT; };
		9FD9BD2316A3735100DBEB88 /* UIKit.framework */ = {isa = PBXFileReference; lastKnownFileType = wrapper.framework; name = UIKit.framework; path = System/Library/Frameworks/UIKit.framework; sourceTree = SDKROOT; };
		9FD9BD2516A3735100DBEB88 /* Foundation.framework */ = {isa = PBXFileReference; lastKnownFileType = wrapper.framework; name = Foundation.framework; path = System/Library/Frameworks/Foundation.framework; sourceTree = SDKROOT; };
		9FD9BD2716A3735100DBEB88 /* CoreGraphics.framework */ = {isa = PBXFileReference; lastKnownFileType = wrapper.framework; name = CoreGraphics.framework; path = System/Library/Frameworks/CoreGraphics.framework; sourceTree = SDKROOT; };
		9FD9BD2916A3735100DBEB88 /* GameKit.framework */ = {isa = PBXFileReference; lastKnownFileType = wrapper.framework; name = GameKit.framework; path = System/Library/Frameworks/GameKit.framework; sourceTree = SDKROOT; };
		9FD9BD3116A3735100DBEB88 /* fps_images.png */ = {isa = PBXFileReference; lastKnownFileType = image.png; path = fps_images.png; sourceTree = "<group>"; };
		9FD9BD3316A3735100DBEB88 /* fps_images-hd.png */ = {isa = PBXFileReference; lastKnownFileType = image.png; path = "fps_images-hd.png"; sourceTree = "<group>"; };
		9FD9BD3516A3735100DBEB88 /* fps_images-ipadhd.png */ = {isa = PBXFileReference; lastKnownFileType = image.png; path = "fps_images-ipadhd.png"; sourceTree = "<group>"; };
		9FD9BD3716A3735100DBEB88 /* Icon-72.png */ = {isa = PBXFileReference; lastKnownFileType = image.png; path = "Icon-72.png"; sourceTree = "<group>"; };
		9FD9BD3916A3735100DBEB88 /* Icon-Small-50.png */ = {isa = PBXFileReference; lastKnownFileType = image.png; path = "Icon-Small-50.png"; sourceTree = "<group>"; };
		9FD9BD3B16A3735100DBEB88 /* Icon-Small.png */ = {isa = PBXFileReference; lastKnownFileType = image.png; path = "Icon-Small.png"; sourceTree = "<group>"; };
		9FD9BD3D16A3735100DBEB88 /* Icon-Small@2x.png */ = {isa = PBXFileReference; lastKnownFileType = image.png; path = "Icon-Small@2x.png"; sourceTree = "<group>"; };
		9FD9BD3F16A3735100DBEB88 /* Icon.png */ = {isa = PBXFileReference; lastKnownFileType = image.png; path = Icon.png; sourceTree = "<group>"; };
		9FD9BD4116A3735100DBEB88 /* Icon@2x.png */ = {isa = PBXFileReference; lastKnownFileType = image.png; path = "Icon@2x.png"; sourceTree = "<group>"; };
		9FD9BD4316A3735100DBEB88 /* Info.plist */ = {isa = PBXFileReference; lastKnownFileType = text.plist.xml; path = Info.plist; sourceTree = "<group>"; };
		9FD9BD4416A3735100DBEB88 /* iTunesArtwork */ = {isa = PBXFileReference; lastKnownFileType = file; path = iTunesArtwork; sourceTree = "<group>"; };
		9FD9BF3316A3735400DBEB88 /* Prefix.pch */ = {isa = PBXFileReference; lastKnownFileType = sourcecode.c.h; path = Prefix.pch; sourceTree = "<group>"; };
		9FD9BF3416A3735400DBEB88 /* main.m */ = {isa = PBXFileReference; lastKnownFileType = sourcecode.c.objc; path = main.m; sourceTree = "<group>"; };
		9FD9BF3616A3735400DBEB88 /* AppDelegate.h */ = {isa = PBXFileReference; lastKnownFileType = sourcecode.c.h; path = AppDelegate.h; sourceTree = "<group>"; };
		9FD9BF3716A3735400DBEB88 /* AppDelegate.mm */ = {isa = PBXFileReference; lastKnownFileType = sourcecode.cpp.objcpp; path = AppDelegate.mm; sourceTree = "<group>"; };
		9FD9BF3C16A3735400DBEB88 /* IntroLayer.h */ = {isa = PBXFileReference; lastKnownFileType = sourcecode.c.h; path = IntroLayer.h; sourceTree = "<group>"; };
		9FD9BF3D16A3735400DBEB88 /* IntroLayer.m */ = {isa = PBXFileReference; lastKnownFileType = sourcecode.c.objc; path = IntroLayer.m; sourceTree = "<group>"; };
		9FD9BF3F16A3735400DBEB88 /* GLES-Render.h */ = {isa = PBXFileReference; lastKnownFileType = sourcecode.c.h; path = "GLES-Render.h"; sourceTree = "<group>"; };
		9FD9BF4016A3735400DBEB88 /* GLES-Render.mm */ = {isa = PBXFileReference; lastKnownFileType = sourcecode.cpp.objcpp; path = "GLES-Render.mm"; sourceTree = "<group>"; };
		9FFEE43516B594F60033E140 /* AccelerometerSimulation.h */ = {isa = PBXFileReference; fileEncoding = 4; lastKnownFileType = sourcecode.c.h; name = AccelerometerSimulation.h; path = "libs/accelerometer-simulator/AccSim/Simulator classes/AccelerometerSimulation.h"; sourceTree = "<group>"; };
		9FFEE43616B594F60033E140 /* AccelerometerSimulation.m */ = {isa = PBXFileReference; fileEncoding = 4; lastKnownFileType = sourcecode.c.objc; name = AccelerometerSimulation.m; path = "libs/accelerometer-simulator/AccSim/Simulator classes/AccelerometerSimulation.m"; sourceTree = "<group>"; };
/* End PBXFileReference section */

/* Begin PBXFrameworksBuildPhase section */
		9FD9BD1216A3735100DBEB88 /* Frameworks */ = {
			isa = PBXFrameworksBuildPhase;
			buildActionMask = 2147483647;
			files = (
				9F2AA2E2179F2F7A00477A29 /* CoreText.framework in Frameworks */,
				9F12ED8F1742D03600CFD000 /* libcocos2d.a in Frameworks */,
				9F12ED8E1742D03600CFD000 /* libbox2d.a in Frameworks */,
				9F0EB27B1742EBB4009E3F7B /* Accounts.framework in Frameworks */,
				9F2E4868174818960080D433 /* Twitter.framework in Frameworks */,
				9FD9BD1A16A3735100DBEB88 /* QuartzCore.framework in Frameworks */,
				9FD9BD1C16A3735100DBEB88 /* OpenGLES.framework in Frameworks */,
				9FD9BD1E16A3735100DBEB88 /* OpenAL.framework in Frameworks */,
				9FD9BD2016A3735100DBEB88 /* AudioToolbox.framework in Frameworks */,
				9FD9BD2216A3735100DBEB88 /* AVFoundation.framework in Frameworks */,
				9FD9BD2416A3735100DBEB88 /* UIKit.framework in Frameworks */,
				9FD9BD2616A3735100DBEB88 /* Foundation.framework in Frameworks */,
				9FD9BD2816A3735100DBEB88 /* CoreGraphics.framework in Frameworks */,
				9FD9BD2A16A3735100DBEB88 /* GameKit.framework in Frameworks */,
			);
			runOnlyForDeploymentPostprocessing = 0;
		};
/* End PBXFrameworksBuildPhase section */

/* Begin PBXGroup section */
		3716B66C172D44C000414C44 /* Objects */ = {
			isa = PBXGroup;
			children = (
				9FB0E54616B5591B00A97DF2 /* Hero.h */,
				9FB0E54716B5591B00A97DF2 /* Hero.mm */,
				37B3361016C2F9A300019D7A /* Projectile.h */,
				37B3360E16C2F93400019D7A /* Projectile.mm */,
				3716B674172D671500414C44 /* GameObject.h */,
				3716B675172D671500414C44 /* GameObject.mm */,
			);
			path = Objects;
			sourceTree = "<group>";
		};
		3716B66D172D4CAA00414C44 /* Singletons */ = {
			isa = PBXGroup;
			children = (
				9F7C1D7816AC22340039EA64 /* GameState.h */,
				9F7C1D7916AC22340039EA64 /* GameState.mm */,
				37216DEE173695AA00840D6F /* GameManager.h */,
				37216DEF173695AA00840D6F /* GameManager.mm */,
			);
			path = Singletons;
			sourceTree = "<group>";
		};
		37216DF21737F0B400840D6F /* Plists */ = {
			isa = PBXGroup;
			children = (
				37216DF31737F0F000840D6F /* atlas-ipad.plist */,
				37216DF41737F0F000840D6F /* atlas-ipadhd.plist */,
				37216DF51737F0F000840D6F /* atlas.plist */,
				37216DF61737F0F000840D6F /* atlas-hd.plist */,
				37216E031737FAB700840D6F /* Hero.plist */,
			);
			name = Plists;
			sourceTree = "<group>";
		};
		375C7FB41722F94B00E76C9F /* Constants */ = {
			isa = PBXGroup;
			children = (
				375C7FB61722FA9300E76C9F /* Constants.h */,
				3716B66E172D610E00414C44 /* CommonProtocols.h */,
			);
			path = Constants;
			sourceTree = "<group>";
		};
		9F12ECDF1742CFBA00CFD000 /* cocos2d */ = {
			isa = PBXGroup;
			children = (
				9F12ECE01742CFC700CFD000 /* cocos2d-ios.xcodeproj */,
			);
			name = cocos2d;
			sourceTree = "<group>";
		};
		9F12ECE11742CFC700CFD000 /* Products */ = {
			isa = PBXGroup;
			children = (
				9F12ED1D1742CFC800CFD000 /* libbuild all libs.a */,
				9F12ED1F1742CFC800CFD000 /* libbox2d.a */,
				9F12ED211742CFC800CFD000 /* libChipmunk.a */,
				9F12ED231742CFC800CFD000 /* libcocos2d.a */,
				9F2AA2ED179F2F7A00477A29 /* libcocos2d_box2d.a */,
				9F2AA2EF179F2F7A00477A29 /* libcocos2d_chipmunk.a */,
				9F12ED251742CFC800CFD000 /* libcocos2d-documentation.a */,
				9F12ED271742CFC800CFD000 /* libCocosDenshion.a */,
				9F2AA2F1179F2F7A00477A29 /* libCocosBuilderReader.a */,
				9F2AA2F3179F2F7A00477A29 /* libjsbindings.a */,
				9F12ED291742CFC800CFD000 /* libkazmath.a */,
			);
			name = Products;
			sourceTree = "<group>";
		};
		9F26C0F91742DF5400CF0956 /* Twitter */ = {
			isa = PBXGroup;
			children = (
				9F26C1331742DF6300CF0956 /* API */,
				9F26C1461742DF7F00CF0956 /* TweetEmitter.h */,
				9F26C1471742DF7F00CF0956 /* TweetEmitter.m */,
				37098406179C1ABA00F96F55 /* TrendFinder.h */,
				37098407179C1ABA00F96F55 /* TrendFinder.m */,
			);
			name = Twitter;
			sourceTree = "<group>";
		};
		9F26C1331742DF6300CF0956 /* API */ = {
			isa = PBXGroup;
			children = (
				9F26C1341742DF7400CF0956 /* Tweet.h */,
				9F26C1351742DF7400CF0956 /* Tweet.m */,
				9F26C1361742DF7400CF0956 /* TwitterManager.h */,
				9F26C1371742DF7400CF0956 /* TwitterManager.m */,
				9F26C1381742DF7400CF0956 /* TwitterProtocol.h */,
				9F26C1391742DF7400CF0956 /* TwitterSearchTweets.h */,
				9F26C13A1742DF7400CF0956 /* TwitterSearchTweets.m */,
				9F26C13B1742DF7400CF0956 /* TwitterTrendsPlace.h */,
				9F26C13C1742DF7400CF0956 /* TwitterTrendsPlace.m */,
			);
			name = API;
			sourceTree = "<group>";
		};
		9F31739316A5DB99005145EC /* System */ = {
			isa = PBXGroup;
			children = (
				9FD9BF3616A3735400DBEB88 /* AppDelegate.h */,
				9FD9BF3716A3735400DBEB88 /* AppDelegate.mm */,
				9FD9BF3F16A3735400DBEB88 /* GLES-Render.h */,
				9FD9BF4016A3735400DBEB88 /* GLES-Render.mm */,
			);
			path = System;
			sourceTree = "<group>";
		};
		9F31739516A5DBE2005145EC /* Game */ = {
			isa = PBXGroup;
			children = (
				3716B66D172D4CAA00414C44 /* Singletons */,
				3716B66C172D44C000414C44 /* Objects */,
				375C7FB41722F94B00E76C9F /* Constants */,
				9F31739616A5DC37005145EC /* Scenes */,
				9F47BE0B16AAC6B9001BE137 /* Layers */,
				9F26C0F91742DF5400CF0956 /* Twitter */,
				9F5FA24A16D2E09F00B1985F /* Utils */,
			);
			path = Game;
			sourceTree = "<group>";
		};
		9F31739616A5DC37005145EC /* Scenes */ = {
			isa = PBXGroup;
			children = (
				37AD94E516ACA48A00FBA15C /* AboutScene.h */,
				37AD94E616ACA48A00FBA15C /* AboutScene.m */,
				9F47BE1016AAC9B2001BE137 /* IntroScene.h */,
				9F47BE1116AAC9B2001BE137 /* IntroScene.m */,
				9F63943A16AC2D6F00BAA9CF /* MainMenuScene.h */,
				9F63943B16AC2D6F00BAA9CF /* MainMenuScene.m */,
				9F47BE0616AAC679001BE137 /* GameScene.h */,
				9F47BE0716AAC679001BE137 /* GameScene.mm */,
				9F47BE0D16AAC83D001BE137 /* GameOverScene.h */,
				9F47BE0E16AAC83D001BE137 /* GameOverScene.mm */,
				3730E338179B0AEE00A43F12 /* ChooseHashtagScene.h */,
				3730E339179B0AEE00A43F12 /* ChooseHashtagScene.mm */,
			);
			path = Scenes;
			sourceTree = "<group>";
		};
		9F47BE0B16AAC6B9001BE137 /* Layers */ = {
			isa = PBXGroup;
			children = (
				37AD94E916ACA4FE00FBA15C /* AboutLayer.h */,
				37AD94EA16ACA4FE00FBA15C /* AboutLayer.m */,
				9FD9BF3C16A3735400DBEB88 /* IntroLayer.h */,
				9FD9BF3D16A3735400DBEB88 /* IntroLayer.m */,
				9F63943E16AC2F8F00BAA9CF /* MainMenuLayer.h */,
				9F63943F16AC2F8F00BAA9CF /* MainMenuLayer.m */,
				9F79C68416A9DA680040F204 /* GameLayer.h */,
				9F79C68516A9DA680040F204 /* GameLayer.mm */,
				9F5D096016AA13B700600AD2 /* GameOverLayer.h */,
				9F5D096116AA13B700600AD2 /* GameOverLayer.mm */,
				37CFFF4016CC3F4F0075CAC8 /* StatusLayer.h */,
				37CFFF4116CC3F4F0075CAC8 /* StatusLayer.mm */,
				373D57C816E7EF3F00B7FCFD /* BackgroundLayer.h */,
				373D57C916E7EF3F00B7FCFD /* BackgroundLayer.mm */,
				3730E373179B0E4C00A43F12 /* ChooseHashtagLayer.h */,
				3730E374179B0E4C00A43F12 /* ChooseHashtagLayer.mm */,
			);
			path = Layers;
			sourceTree = "<group>";
		};
		9F5FA24A16D2E09F00B1985F /* Utils */ = {
			isa = PBXGroup;
			children = (
				9F5FA24616D2D1FC00B1985F /* HeroContactListener.h */,
				9F5FA24716D2D21500B1985F /* HeroContactListener.cpp */,
				9F6B14B217456867001481B7 /* Queue.h */,
				9F6B14ED17456873001481B7 /* Queue.m */,
			);
			name = Utils;
			sourceTree = "<group>";
		};
		9FD9BD0A16A3735100DBEB88 = {
			isa = PBXGroup;
			children = (
				9FD9BD2B16A3735100DBEB88 /* hashtag-warrior */,
				9FD9BD1816A3735100DBEB88 /* Frameworks */,
				9FD9BD1616A3735100DBEB88 /* Products */,
			);
			sourceTree = "<group>";
		};
		9FD9BD1616A3735100DBEB88 /* Products */ = {
			isa = PBXGroup;
			children = (
				9FD9BD1516A3735100DBEB88 /* #Warrior.app */,
			);
			name = Products;
			sourceTree = "<group>";
		};
		9FD9BD1816A3735100DBEB88 /* Frameworks */ = {
			isa = PBXGroup;
			children = (
				9F0EB27A1742EBB4009E3F7B /* Accounts.framework */,
				9FD9BD1F16A3735100DBEB88 /* AudioToolbox.framework */,
				9FD9BD2116A3735100DBEB88 /* AVFoundation.framework */,
				9FD9BD2716A3735100DBEB88 /* CoreGraphics.framework */,
				9F2AA2E1179F2F7A00477A29 /* CoreText.framework */,
				9FD9BD2516A3735100DBEB88 /* Foundation.framework */,
				9FD9BD2916A3735100DBEB88 /* GameKit.framework */,
				9FD9BD1D16A3735100DBEB88 /* OpenAL.framework */,
				9FD9BD1B16A3735100DBEB88 /* OpenGLES.framework */,
				9FD9BD1916A3735100DBEB88 /* QuartzCore.framework */,
				9F2E4867174818960080D433 /* Twitter.framework */,
				9FD9BD2316A3735100DBEB88 /* UIKit.framework */,
			);
			name = Frameworks;
			sourceTree = "<group>";
		};
		9FD9BD2B16A3735100DBEB88 /* hashtag-warrior */ = {
			isa = PBXGroup;
			children = (
				9FD9BF3316A3735400DBEB88 /* Prefix.pch */,
				9FD9BF3416A3735400DBEB88 /* main.m */,
				9F31739516A5DBE2005145EC /* Game */,
				9F31739316A5DB99005145EC /* System */,
				37216DF21737F0B400840D6F /* Plists */,
				9FD9BD2C16A3735100DBEB88 /* Resources */,
				9FD9BD4616A3735100DBEB88 /* libs */,
			);
			path = "hashtag-warrior";
			sourceTree = "<group>";
		};
		9FD9BD2C16A3735100DBEB88 /* Resources */ = {
			isa = PBXGroup;
			children = (
				9FDA32481799CB680047E510 /* Fonts */,
				37216DFB1737F12000840D6F /* atlas-ipad.png */,
				37216DFC1737F12000840D6F /* atlas-ipadhd.png */,
				37216DFD1737F12000840D6F /* atlas.png */,
				37216DFE1737F12000840D6F /* atlas-hd.png */,
				373D57CB16E7F43C00B7FCFD /* Background-hd.png */,
				373D57CC16E7F43D00B7FCFD /* Background-ipad.png */,
				373D57CD16E7F43D00B7FCFD /* Background-ipadhd.png */,
				373D57CE16E7F43D00B7FCFD /* Background.png */,
				9F0EF90E16B8723C0007E929 /* Localizable.strings */,
				9F79C69716A9E16B0040F204 /* Default.png */,
				9F79C69816A9E16B0040F204 /* Default@2x.png */,
				9F79C68E16A9DF700040F204 /* Default-Landscape~ipad.png */,
				9F79C68D16A9DF700040F204 /* Default-Landscape@2x~ipad.png */,
				9FD9BD3116A3735100DBEB88 /* fps_images.png */,
				9FD9BD3316A3735100DBEB88 /* fps_images-hd.png */,
				9FD9BD3516A3735100DBEB88 /* fps_images-ipadhd.png */,
				9FD9BD3716A3735100DBEB88 /* Icon-72.png */,
				9FD9BD3916A3735100DBEB88 /* Icon-Small-50.png */,
				9FD9BD3B16A3735100DBEB88 /* Icon-Small.png */,
				9FD9BD3D16A3735100DBEB88 /* Icon-Small@2x.png */,
				9FD9BD3F16A3735100DBEB88 /* Icon.png */,
				9FD9BD4116A3735100DBEB88 /* Icon@2x.png */,
				9FD9BD4316A3735100DBEB88 /* Info.plist */,
				9FD9BD4416A3735100DBEB88 /* iTunesArtwork */,
			);
			path = Resources;
			sourceTree = "<group>";
		};
		9FD9BD4616A3735100DBEB88 /* libs */ = {
			isa = PBXGroup;
			children = (
				9FFEE43916B595000033E140 /* AccelerometerSimulation */,
				9F12ECDF1742CFBA00CFD000 /* cocos2d */,
			);
			name = libs;
			sourceTree = "<group>";
		};
		9FDA32481799CB680047E510 /* Fonts */ = {
			isa = PBXGroup;
			children = (
				9F612517179F118400BC6201 /* Arial12.fnt */,
				9F612518179F118400BC6201 /* Arial12.png */,
				9F257F6217A057E60096CA03 /* Arial12-hd.fnt */,
				9F257F6317A057E60096CA03 /* Arial12-hd.png */,
				9F257F6417A057E60096CA03 /* Arial12-ipad.fnt */,
				9F257F6517A057E60096CA03 /* Arial12-ipad.png */,
				9F257F6617A057E60096CA03 /* Arial12-ipadhd.fnt */,
				9F257F6717A057E60096CA03 /* Arial12-ipadhd.png */,
			);
			name = Fonts;
			sourceTree = "<group>";
		};
		9FFEE43916B595000033E140 /* AccelerometerSimulation */ = {
			isa = PBXGroup;
			children = (
				9FFEE43516B594F60033E140 /* AccelerometerSimulation.h */,
				9FFEE43616B594F60033E140 /* AccelerometerSimulation.m */,
			);
			name = AccelerometerSimulation;
			sourceTree = "<group>";
		};
/* End PBXGroup section */

/* Begin PBXHeadersBuildPhase section */
		375C7FB71722FB5600E76C9F /* Headers */ = {
			isa = PBXHeadersBuildPhase;
			buildActionMask = 2147483647;
			files = (
				375C7FB81722FB5E00E76C9F /* Constants.h in Headers */,
				3716B66F172D610E00414C44 /* CommonProtocols.h in Headers */,
				3716B676172D671500414C44 /* GameObject.h in Headers */,
				37216DF0173695AA00840D6F /* GameManager.h in Headers */,
				9F12ED911742D48600CFD000 /* GameState.h in Headers */,
				9F26C13D1742DF7400CF0956 /* Tweet.h in Headers */,
				9F26C13F1742DF7400CF0956 /* TwitterManager.h in Headers */,
				9F26C1411742DF7400CF0956 /* TwitterProtocol.h in Headers */,
				9F26C1421742DF7400CF0956 /* TwitterSearchTweets.h in Headers */,
				9F26C1441742DF7400CF0956 /* TwitterTrendsPlace.h in Headers */,
				9F26C1481742DF7F00CF0956 /* TweetEmitter.h in Headers */,
				9F6B14B317456867001481B7 /* Queue.h in Headers */,
				3730E33A179B0AEE00A43F12 /* ChooseHashtagScene.h in Headers */,
				3730E375179B0E4C00A43F12 /* ChooseHashtagLayer.h in Headers */,
				37098408179C1ABA00F96F55 /* TrendFinder.h in Headers */,
			);
			runOnlyForDeploymentPostprocessing = 0;
		};
/* End PBXHeadersBuildPhase section */

/* Begin PBXNativeTarget section */
		9FD9BD1416A3735100DBEB88 /* #Warrior */ = {
			isa = PBXNativeTarget;
			buildConfigurationList = 9FD9BF4916A3735400DBEB88 /* Build configuration list for PBXNativeTarget "#Warrior" */;
			buildPhases = (
				9FD9BD1116A3735100DBEB88 /* Sources */,
				9FD9BD1216A3735100DBEB88 /* Frameworks */,
				9FD9BD1316A3735100DBEB88 /* Resources */,
				375C7FB71722FB5600E76C9F /* Headers */,
			);
			buildRules = (
			);
			dependencies = (
				9F8ADABE1795D3CE002F3CC0 /* PBXTargetDependency */,
				9F8ADABC1795D3CE002F3CC0 /* PBXTargetDependency */,
			);
			name = "#Warrior";
			productName = "hashtag-warrior";
			productReference = 9FD9BD1516A3735100DBEB88 /* #Warrior.app */;
			productType = "com.apple.product-type.application";
		};
/* End PBXNativeTarget section */

/* Begin PBXProject section */
		9FD9BD0C16A3735100DBEB88 /* Project object */ = {
			isa = PBXProject;
			attributes = {
				LastUpgradeCheck = 0460;
				ORGANIZATIONNAME = "Ossum Games";
			};
			buildConfigurationList = 9FD9BD0F16A3735100DBEB88 /* Build configuration list for PBXProject "hashtag-warrior" */;
			compatibilityVersion = "Xcode 3.2";
			developmentRegion = English;
			hasScannedForEncodings = 0;
			knownRegions = (
				en,
				fr,
				de,
			);
			mainGroup = 9FD9BD0A16A3735100DBEB88;
			productRefGroup = 9FD9BD1616A3735100DBEB88 /* Products */;
			projectDirPath = "";
			projectReferences = (
				{
					ProductGroup = 9F12ECE11742CFC700CFD000 /* Products */;
					ProjectRef = 9F12ECE01742CFC700CFD000 /* cocos2d-ios.xcodeproj */;
				},
			);
			projectRoot = "";
			targets = (
				9FD9BD1416A3735100DBEB88 /* #Warrior */,
			);
		};
/* End PBXProject section */

/* Begin PBXReferenceProxy section */
		9F12ED1D1742CFC800CFD000 /* libbuild all libs.a */ = {
			isa = PBXReferenceProxy;
			fileType = archive.ar;
			path = "libbuild all libs.a";
			remoteRef = 9F12ED1C1742CFC800CFD000 /* PBXContainerItemProxy */;
			sourceTree = BUILT_PRODUCTS_DIR;
		};
		9F12ED1F1742CFC800CFD000 /* libbox2d.a */ = {
			isa = PBXReferenceProxy;
			fileType = archive.ar;
			path = libbox2d.a;
			remoteRef = 9F12ED1E1742CFC800CFD000 /* PBXContainerItemProxy */;
			sourceTree = BUILT_PRODUCTS_DIR;
		};
		9F12ED211742CFC800CFD000 /* libChipmunk.a */ = {
			isa = PBXReferenceProxy;
			fileType = archive.ar;
			path = libChipmunk.a;
			remoteRef = 9F12ED201742CFC800CFD000 /* PBXContainerItemProxy */;
			sourceTree = BUILT_PRODUCTS_DIR;
		};
		9F12ED231742CFC800CFD000 /* libcocos2d.a */ = {
			isa = PBXReferenceProxy;
			fileType = archive.ar;
			path = libcocos2d.a;
			remoteRef = 9F12ED221742CFC800CFD000 /* PBXContainerItemProxy */;
			sourceTree = BUILT_PRODUCTS_DIR;
		};
		9F12ED251742CFC800CFD000 /* libcocos2d-documentation.a */ = {
			isa = PBXReferenceProxy;
			fileType = archive.ar;
			path = "libcocos2d-documentation.a";
			remoteRef = 9F12ED241742CFC800CFD000 /* PBXContainerItemProxy */;
			sourceTree = BUILT_PRODUCTS_DIR;
		};
		9F12ED271742CFC800CFD000 /* libCocosDenshion.a */ = {
			isa = PBXReferenceProxy;
			fileType = archive.ar;
			path = libCocosDenshion.a;
			remoteRef = 9F12ED261742CFC800CFD000 /* PBXContainerItemProxy */;
			sourceTree = BUILT_PRODUCTS_DIR;
		};
		9F12ED291742CFC800CFD000 /* libkazmath.a */ = {
			isa = PBXReferenceProxy;
			fileType = archive.ar;
			path = libkazmath.a;
			remoteRef = 9F12ED281742CFC800CFD000 /* PBXContainerItemProxy */;
			sourceTree = BUILT_PRODUCTS_DIR;
		};
		9F2AA2ED179F2F7A00477A29 /* libcocos2d_box2d.a */ = {
			isa = PBXReferenceProxy;
			fileType = archive.ar;
			path = libcocos2d_box2d.a;
			remoteRef = 9F2AA2EC179F2F7A00477A29 /* PBXContainerItemProxy */;
			sourceTree = BUILT_PRODUCTS_DIR;
		};
		9F2AA2EF179F2F7A00477A29 /* libcocos2d_chipmunk.a */ = {
			isa = PBXReferenceProxy;
			fileType = archive.ar;
			path = libcocos2d_chipmunk.a;
			remoteRef = 9F2AA2EE179F2F7A00477A29 /* PBXContainerItemProxy */;
			sourceTree = BUILT_PRODUCTS_DIR;
		};
		9F2AA2F1179F2F7A00477A29 /* libCocosBuilderReader.a */ = {
			isa = PBXReferenceProxy;
			fileType = archive.ar;
			path = libCocosBuilderReader.a;
			remoteRef = 9F2AA2F0179F2F7A00477A29 /* PBXContainerItemProxy */;
			sourceTree = BUILT_PRODUCTS_DIR;
		};
		9F2AA2F3179F2F7A00477A29 /* libjsbindings.a */ = {
			isa = PBXReferenceProxy;
			fileType = archive.ar;
			path = libjsbindings.a;
			remoteRef = 9F2AA2F2179F2F7A00477A29 /* PBXContainerItemProxy */;
			sourceTree = BUILT_PRODUCTS_DIR;
		};
/* End PBXReferenceProxy section */

/* Begin PBXResourcesBuildPhase section */
		9FD9BD1316A3735100DBEB88 /* Resources */ = {
			isa = PBXResourcesBuildPhase;
			buildActionMask = 2147483647;
			files = (
				9FD9BD3216A3735100DBEB88 /* fps_images.png in Resources */,
				9FD9BD3416A3735100DBEB88 /* fps_images-hd.png in Resources */,
				9FD9BD3616A3735100DBEB88 /* fps_images-ipadhd.png in Resources */,
				9FD9BD3816A3735100DBEB88 /* Icon-72.png in Resources */,
				9FD9BD3A16A3735100DBEB88 /* Icon-Small-50.png in Resources */,
				9FD9BD3C16A3735100DBEB88 /* Icon-Small.png in Resources */,
				9FD9BD3E16A3735100DBEB88 /* Icon-Small@2x.png in Resources */,
				9FD9BD4016A3735100DBEB88 /* Icon.png in Resources */,
				9FD9BD4216A3735100DBEB88 /* Icon@2x.png in Resources */,
				9FD9BD4516A3735100DBEB88 /* iTunesArtwork in Resources */,
				9F79C68F16A9DF700040F204 /* Default-Landscape@2x~ipad.png in Resources */,
				9F79C69016A9DF700040F204 /* Default-Landscape~ipad.png in Resources */,
				9F79C69916A9E16B0040F204 /* Default.png in Resources */,
				9F79C69A16A9E16B0040F204 /* Default@2x.png in Resources */,
				9F0EF90C16B8723C0007E929 /* Localizable.strings in Resources */,
				373D57CF16E7F43D00B7FCFD /* Background-hd.png in Resources */,
				373D57D016E7F43D00B7FCFD /* Background-ipad.png in Resources */,
				373D57D116E7F43D00B7FCFD /* Background-ipadhd.png in Resources */,
				373D57D216E7F43D00B7FCFD /* Background.png in Resources */,
				37216DF71737F0F000840D6F /* atlas-ipad.plist in Resources */,
				37216DF81737F0F000840D6F /* atlas-ipadhd.plist in Resources */,
				37216DF91737F0F000840D6F /* atlas.plist in Resources */,
				37216DFA1737F0F000840D6F /* atlas-hd.plist in Resources */,
				37216DFF1737F12000840D6F /* atlas-ipad.png in Resources */,
				37216E001737F12000840D6F /* atlas-ipadhd.png in Resources */,
				37216E011737F12000840D6F /* atlas.png in Resources */,
				37216E021737F12000840D6F /* atlas-hd.png in Resources */,
				37216E041737FAB700840D6F /* Hero.plist in Resources */,
				9F612519179F118400BC6201 /* Arial12.fnt in Resources */,
				9F61251A179F118400BC6201 /* Arial12.png in Resources */,
				9F257F6817A057E60096CA03 /* Arial12-hd.fnt in Resources */,
				9F257F6917A057E60096CA03 /* Arial12-hd.png in Resources */,
				9F257F6A17A057E60096CA03 /* Arial12-ipad.fnt in Resources */,
				9F257F6B17A057E60096CA03 /* Arial12-ipad.png in Resources */,
				9F257F6C17A057E60096CA03 /* Arial12-ipadhd.fnt in Resources */,
				9F257F6D17A057E60096CA03 /* Arial12-ipadhd.png in Resources */,
			);
			runOnlyForDeploymentPostprocessing = 0;
		};
/* End PBXResourcesBuildPhase section */

/* Begin PBXSourcesBuildPhase section */
		9FD9BD1116A3735100DBEB88 /* Sources */ = {
			isa = PBXSourcesBuildPhase;
			buildActionMask = 2147483647;
			files = (
				9FD9BF3516A3735400DBEB88 /* main.m in Sources */,
				9FD9BF3816A3735400DBEB88 /* AppDelegate.mm in Sources */,
				9FD9BF3E16A3735400DBEB88 /* IntroLayer.m in Sources */,
				9FD9BF4116A3735400DBEB88 /* GLES-Render.mm in Sources */,
				9F79C68616A9DA680040F204 /* GameLayer.mm in Sources */,
				9F5D096216AA13B700600AD2 /* GameOverLayer.mm in Sources */,
				9F47BE0816AAC679001BE137 /* GameScene.mm in Sources */,
				9F47BE0F16AAC83D001BE137 /* GameOverScene.mm in Sources */,
				9F47BE1216AAC9B2001BE137 /* IntroScene.m in Sources */,
				9F7C1D7A16AC22340039EA64 /* GameState.mm in Sources */,
				9F63943C16AC2D6F00BAA9CF /* MainMenuScene.m in Sources */,
				9F63944016AC2F8F00BAA9CF /* MainMenuLayer.m in Sources */,
				37AD94E716ACA48A00FBA15C /* AboutScene.m in Sources */,
				37AD94EB16ACA4FE00FBA15C /* AboutLayer.m in Sources */,
				9FB0E54816B5591B00A97DF2 /* Hero.mm in Sources */,
				9FFEE43716B594F60033E140 /* AccelerometerSimulation.m in Sources */,
				37B3360F16C2F93400019D7A /* Projectile.mm in Sources */,
				37CFFF4216CC3F4F0075CAC8 /* StatusLayer.mm in Sources */,
				9F5FA24816D2D21500B1985F /* HeroContactListener.cpp in Sources */,
				373D57CA16E7EF3F00B7FCFD /* BackgroundLayer.mm in Sources */,
				3716B677172D671500414C44 /* GameObject.mm in Sources */,
				37216DF1173695AA00840D6F /* GameManager.mm in Sources */,
				9F26C13E1742DF7400CF0956 /* Tweet.m in Sources */,
				9F26C1401742DF7400CF0956 /* TwitterManager.m in Sources */,
				9F26C1431742DF7400CF0956 /* TwitterSearchTweets.m in Sources */,
				9F26C1451742DF7400CF0956 /* TwitterTrendsPlace.m in Sources */,
				9F26C1491742DF7F00CF0956 /* TweetEmitter.m in Sources */,
				9F6B14EE17456873001481B7 /* Queue.m in Sources */,
				3730E33B179B0AEE00A43F12 /* ChooseHashtagScene.mm in Sources */,
				3730E376179B0E4C00A43F12 /* ChooseHashtagLayer.mm in Sources */,
				37098409179C1ABA00F96F55 /* TrendFinder.m in Sources */,
			);
			runOnlyForDeploymentPostprocessing = 0;
		};
/* End PBXSourcesBuildPhase section */

/* Begin PBXTargetDependency section */
		9F8ADABC1795D3CE002F3CC0 /* PBXTargetDependency */ = {
			isa = PBXTargetDependency;
			name = box2d;
			targetProxy = 9F8ADABB1795D3CE002F3CC0 /* PBXContainerItemProxy */;
		};
		9F8ADABE1795D3CE002F3CC0 /* PBXTargetDependency */ = {
			isa = PBXTargetDependency;
			name = cocos2d;
			targetProxy = 9F8ADABD1795D3CE002F3CC0 /* PBXContainerItemProxy */;
		};
/* End PBXTargetDependency section */

/* Begin PBXVariantGroup section */
		9F0EF90E16B8723C0007E929 /* Localizable.strings */ = {
			isa = PBXVariantGroup;
			children = (
				9F0EF90D16B8723C0007E929 /* en */,
				9F0EF90F16B872450007E929 /* fr */,
				9F0EF91016B872480007E929 /* de */,
			);
			name = Localizable.strings;
			sourceTree = "<group>";
		};
/* End PBXVariantGroup section */

/* Begin XCBuildConfiguration section */
		9FD9BF4716A3735400DBEB88 /* Debug */ = {
			isa = XCBuildConfiguration;
			buildSettings = {
				CLANG_ENABLE_OBJC_ARC = YES;
				CLANG_WARN_CONSTANT_CONVERSION = YES;
				CLANG_WARN_ENUM_CONVERSION = YES;
				CLANG_WARN_INT_CONVERSION = YES;
				CLANG_WARN__DUPLICATE_METHOD_MATCH = YES;
				GCC_PREPROCESSOR_DEFINITIONS = (
					DEBUG,
					"COCOS2D_DEBUG=1",
				);
				GCC_WARN_ABOUT_RETURN_TYPE = YES;
				GCC_WARN_UNINITIALIZED_AUTOS = YES;
				GCC_WARN_UNUSED_VARIABLE = YES;
				IPHONEOS_DEPLOYMENT_TARGET = 5.0;
				OTHER_LDFLAGS = "-lz";
				PRODUCT_NAME = "#Warrior";
				SDKROOT = iphoneos;
				TARGETED_DEVICE_FAMILY = "1,2";
			};
			name = Debug;
		};
		9FD9BF4816A3735400DBEB88 /* Release */ = {
			isa = XCBuildConfiguration;
			buildSettings = {
				CLANG_ENABLE_OBJC_ARC = YES;
				CLANG_WARN_CONSTANT_CONVERSION = YES;
				CLANG_WARN_ENUM_CONVERSION = YES;
				CLANG_WARN_INT_CONVERSION = YES;
				CLANG_WARN__DUPLICATE_METHOD_MATCH = YES;
				GCC_PREPROCESSOR_DEFINITIONS = (
					NDEBUG,
					"NS_BLOCK_ASSERTIONS=1",
				);
				GCC_WARN_ABOUT_RETURN_TYPE = YES;
				GCC_WARN_UNINITIALIZED_AUTOS = YES;
				GCC_WARN_UNUSED_VARIABLE = YES;
				IPHONEOS_DEPLOYMENT_TARGET = 5.0;
				OTHER_LDFLAGS = "-lz";
				PRODUCT_NAME = "#Warrior";
				SDKROOT = iphoneos;
				TARGETED_DEVICE_FAMILY = "1,2";
				VALIDATE_PRODUCT = YES;
			};
			name = Release;
		};
		9FD9BF4A16A3735400DBEB88 /* Debug */ = {
			isa = XCBuildConfiguration;
			buildSettings = {
				GCC_PRECOMPILE_PREFIX_HEADER = YES;
				GCC_PREFIX_HEADER = "hashtag-warrior/Prefix.pch";
				INFOPLIST_FILE = "hashtag-warrior/Resources/Info.plist";
				USER_HEADER_SEARCH_PATHS = "hashtag-warrior/libs/**";
			};
			name = Debug;
		};
		9FD9BF4B16A3735400DBEB88 /* Release */ = {
			isa = XCBuildConfiguration;
			buildSettings = {
				GCC_PRECOMPILE_PREFIX_HEADER = YES;
				GCC_PREFIX_HEADER = "hashtag-warrior/Prefix.pch";
				INFOPLIST_FILE = "hashtag-warrior/Resources/Info.plist";
				USER_HEADER_SEARCH_PATHS = "hashtag-warrior/libs/**";
			};
			name = Release;
		};
/* End XCBuildConfiguration section */

/* Begin XCConfigurationList section */
		9FD9BD0F16A3735100DBEB88 /* Build configuration list for PBXProject "hashtag-warrior" */ = {
			isa = XCConfigurationList;
			buildConfigurations = (
				9FD9BF4716A3735400DBEB88 /* Debug */,
				9FD9BF4816A3735400DBEB88 /* Release */,
			);
			defaultConfigurationIsVisible = 0;
			defaultConfigurationName = Release;
		};
		9FD9BF4916A3735400DBEB88 /* Build configuration list for PBXNativeTarget "#Warrior" */ = {
			isa = XCConfigurationList;
			buildConfigurations = (
				9FD9BF4A16A3735400DBEB88 /* Debug */,
				9FD9BF4B16A3735400DBEB88 /* Release */,
			);
			defaultConfigurationIsVisible = 0;
			defaultConfigurationName = Release;
		};
/* End XCConfigurationList section */
	};
	rootObject = 9FD9BD0C16A3735100DBEB88 /* Project object */;
}
